
Microsoft Visual Studio Solution File, Format Version 12.00
# Visual Studio Version 16
VisualStudioVersion = 16.0.29920.165
MinimumVisualStudioVersion = 10.0.40219.1
Project("{FAE04EC0-301F-11D3-BF4B-00C04F79EFBC}") = "WebApplicationDotNetCoreDockerized", "WebApplicationDotNetCoreDockerized\WebApplicationDotNetCoreDockerized.csproj", "{5B6420F9-99F1-41A6-B307-121E4BC2FF88}"
EndProject
Global
	GlobalSection(SolutionConfigurationPlatforms) = preSolution
		Debug|Any CPU = Debug|Any CPU
		Release|Any CPU = Release|Any CPU
	EndGlobalSection
	GlobalSection(ProjectConfigurationPlatforms) = postSolution
		{5B6420F9-99F1-41A6-B307-121E4BC2FF88}.Debug|Any CPU.ActiveCfg = Debug|Any CPU
		{5B6420F9-99F1-41A6-B307-121E4BC2FF88}.Debug|Any CPU.Build.0 = Debug|Any CPU
		{5B6420F9-99F1-41A6-B307-121E4BC2FF88}.Release|Any CPU.ActiveCfg = Release|Any CPU
		{5B6420F9-99F1-41A6-B307-121E4BC2FF88}.Release|Any CPU.Build.0 = Release|Any CPU
	EndGlobalSection
	GlobalSection(SolutionProperties) = preSolution
		HideSolutionNode = FALSE
	EndGlobalSection
	GlobalSection(ExtensibilityGlobals) = postSolution
		SolutionGuid = {89B064AC-CD75-435B-B203-C6EC0B2E9F47}
	EndGlobalSection
EndGlobal
